
Microsoft Visual Studio Solution File, Format Version 12.00
# Visual Studio Version 16
VisualStudioVersion = 16.0.30114.105
MinimumVisualStudioVersion = 10.0.40219.1
Project("{2150E333-8FDC-42A3-9474-1A3956D46DE8}") = "src", "src", "{DFB55378-732D-4A71-AC52-144C6655B6B8}"
EndProject
Project("{9A19103F-16F7-4668-BE54-9A1E7A4F7556}") = "TodoList.Application", "src\TodoList.Application\TodoList.Application.csproj", "{4A30C844-2621-45C5-B399-02A1BCEE1074}"
EndProject
Project("{9A19103F-16F7-4668-BE54-9A1E7A4F7556}") = "TodoList.Core", "src\TodoList.Core\TodoList.Core.csproj", "{A0903B7E-C27E-416A-B45A-EBEA13BF8236}"
EndProject
Project("{9A19103F-16F7-4668-BE54-9A1E7A4F7556}") = "TodoList.Infrastructure", "src\TodoList.Infrastructure\TodoList.Infrastructure.csproj", "{A5F23F4C-80BB-49B1-9F31-536F8A2DA990}"
EndProject
Project("{9A19103F-16F7-4668-BE54-9A1E7A4F7556}") = "TodoList.WebAPI", "src\TodoList.WebAPI\TodoList.WebAPI.csproj", "{E63F641F-94F9-4DCB-8C8D-ABFA4662E89E}"
EndProject
Project("{2150E333-8FDC-42A3-9474-1A3956D46DE8}") = "tests", "tests", "{CA392228-80B8-4DC4-AC46-258769AEEB03}"
EndProject
Project("{9A19103F-16F7-4668-BE54-9A1E7A4F7556}") = "TodoList.Application.Tests", "tests\TodoList.Application.Tests\TodoList.Application.Tests.csproj", "{C0516509-E6CE-41D6-BC9E-C34BA497A902}"
EndProject
Global
	GlobalSection(SolutionConfigurationPlatforms) = preSolution
		Debug|Any CPU = Debug|Any CPU
		Debug|x64 = Debug|x64
		Debug|x86 = Debug|x86
		Release|Any CPU = Release|Any CPU
		Release|x64 = Release|x64
		Release|x86 = Release|x86
	EndGlobalSection
	GlobalSection(ProjectConfigurationPlatforms) = postSolution
		{4A30C844-2621-45C5-B399-02A1BCEE1074}.Debug|Any CPU.ActiveCfg = Debug|Any CPU
		{4A30C844-2621-45C5-B399-02A1BCEE1074}.Debug|Any CPU.Build.0 = Debug|Any CPU
		{4A30C844-2621-45C5-B399-02A1BCEE1074}.Debug|x64.ActiveCfg = Debug|Any CPU
		{4A30C844-2621-45C5-B399-02A1BCEE1074}.Debug|x64.Build.0 = Debug|Any CPU
		{4A30C844-2621-45C5-B399-02A1BCEE1074}.Debug|x86.ActiveCfg = Debug|Any CPU
		{4A30C844-2621-45C5-B399-02A1BCEE1074}.Debug|x86.Build.0 = Debug|Any CPU
		{4A30C844-2621-45C5-B399-02A1BCEE1074}.Release|Any CPU.ActiveCfg = Release|Any CPU
		{4A30C844-2621-45C5-B399-02A1BCEE1074}.Release|Any CPU.Build.0 = Release|Any CPU
		{4A30C844-2621-45C5-B399-02A1BCEE1074}.Release|x64.ActiveCfg = Release|Any CPU
		{4A30C844-2621-45C5-B399-02A1BCEE1074}.Release|x64.Build.0 = Release|Any CPU
		{4A30C844-2621-45C5-B399-02A1BCEE1074}.Release|x86.ActiveCfg = Release|Any CPU
		{4A30C844-2621-45C5-B399-02A1BCEE1074}.Release|x86.Build.0 = Release|Any CPU
		{A0903B7E-C27E-416A-B45A-EBEA13BF8236}.Debug|Any CPU.ActiveCfg = Debug|Any CPU
		{A0903B7E-C27E-416A-B45A-EBEA13BF8236}.Debug|Any CPU.Build.0 = Debug|Any CPU
		{A0903B7E-C27E-416A-B45A-EBEA13BF8236}.Debug|x64.ActiveCfg = Debug|Any CPU
		{A0903B7E-C27E-416A-B45A-EBEA13BF8236}.Debug|x64.Build.0 = Debug|Any CPU
		{A0903B7E-C27E-416A-B45A-EBEA13BF8236}.Debug|x86.ActiveCfg = Debug|Any CPU
		{A0903B7E-C27E-416A-B45A-EBEA13BF8236}.Debug|x86.Build.0 = Debug|Any CPU
		{A0903B7E-C27E-416A-B45A-EBEA13BF8236}.Release|Any CPU.ActiveCfg = Release|Any CPU
		{A0903B7E-C27E-416A-B45A-EBEA13BF8236}.Release|Any CPU.Build.0 = Release|Any CPU
		{A0903B7E-C27E-416A-B45A-EBEA13BF8236}.Release|x64.ActiveCfg = Release|Any CPU
		{A0903B7E-C27E-416A-B45A-EBEA13BF8236}.Release|x64.Build.0 = Release|Any CPU
		{A0903B7E-C27E-416A-B45A-EBEA13BF8236}.Release|x86.ActiveCfg = Release|Any CPU
		{A0903B7E-C27E-416A-B45A-EBEA13BF8236}.Release|x86.Build.0 = Release|Any CPU
		{A5F23F4C-80BB-49B1-9F31-536F8A2DA990}.Debug|Any CPU.ActiveCfg = Debug|Any CPU
		{A5F23F4C-80BB-49B1-9F31-536F8A2DA990}.Debug|Any CPU.Build.0 = Debug|Any CPU
		{A5F23F4C-80BB-49B1-9F31-536F8A2DA990}.Debug|x64.ActiveCfg = Debug|Any CPU
		{A5F23F4C-80BB-49B1-9F31-536F8A2DA990}.Debug|x64.Build.0 = Debug|Any CPU
		{A5F23F4C-80BB-49B1-9F31-536F8A2DA990}.Debug|x86.ActiveCfg = Debug|Any CPU
		{A5F23F4C-80BB-49B1-9F31-536F8A2DA990}.Debug|x86.Build.0 = Debug|Any CPU
		{A5F23F4C-80BB-49B1-9F31-536F8A2DA990}.Release|Any CPU.ActiveCfg = Release|Any CPU
		{A5F23F4C-80BB-49B1-9F31-536F8A2DA990}.Release|Any CPU.Build.0 = Release|Any CPU
		{A5F23F4C-80BB-49B1-9F31-536F8A2DA990}.Release|x64.ActiveCfg = Release|Any CPU
		{A5F23F4C-80BB-49B1-9F31-536F8A2DA990}.Release|x64.Build.0 = Release|Any CPU
		{A5F23F4C-80BB-49B1-9F31-536F8A2DA990}.Release|x86.ActiveCfg = Release|Any CPU
		{A5F23F4C-80BB-49B1-9F31-536F8A2DA990}.Release|x86.Build.0 = Release|Any CPU
		{E63F641F-94F9-4DCB-8C8D-ABFA4662E89E}.Debug|Any CPU.ActiveCfg = Debug|Any CPU
		{E63F641F-94F9-4DCB-8C8D-ABFA4662E89E}.Debug|Any CPU.Build.0 = Debug|Any CPU
		{E63F641F-94F9-4DCB-8C8D-ABFA4662E89E}.Debug|x64.ActiveCfg = Debug|Any CPU
		{E63F641F-94F9-4DCB-8C8D-ABFA4662E89E}.Debug|x64.Build.0 = Debug|Any CPU
		{E63F641F-94F9-4DCB-8C8D-ABFA4662E89E}.Debug|x86.ActiveCfg = Debug|Any CPU
		{E63F641F-94F9-4DCB-8C8D-ABFA4662E89E}.Debug|x86.Build.0 = Debug|Any CPU
		{E63F641F-94F9-4DCB-8C8D-ABFA4662E89E}.Release|Any CPU.ActiveCfg = Release|Any CPU
		{E63F641F-94F9-4DCB-8C8D-ABFA4662E89E}.Release|Any CPU.Build.0 = Release|Any CPU
		{E63F641F-94F9-4DCB-8C8D-ABFA4662E89E}.Release|x64.ActiveCfg = Release|Any CPU
		{E63F641F-94F9-4DCB-8C8D-ABFA4662E89E}.Release|x64.Build.0 = Release|Any CPU
		{E63F641F-94F9-4DCB-8C8D-ABFA4662E89E}.Release|x86.ActiveCfg = Release|Any CPU
		{E63F641F-94F9-4DCB-8C8D-ABFA4662E89E}.Release|x86.Build.0 = Release|Any CPU
		{C0516509-E6CE-41D6-BC9E-C34BA497A902}.Debug|Any CPU.ActiveCfg = Debug|Any CPU
		{C0516509-E6CE-41D6-BC9E-C34BA497A902}.Debug|Any CPU.Build.0 = Debug|Any CPU
		{C0516509-E6CE-41D6-BC9E-C34BA497A902}.Debug|x64.ActiveCfg = Debug|Any CPU
		{C0516509-E6CE-41D6-BC9E-C34BA497A902}.Debug|x64.Build.0 = Debug|Any CPU
		{C0516509-E6CE-41D6-BC9E-C34BA497A902}.Debug|x86.ActiveCfg = Debug|Any CPU
		{C0516509-E6CE-41D6-BC9E-C34BA497A902}.Debug|x86.Build.0 = Debug|Any CPU
		{C0516509-E6CE-41D6-BC9E-C34BA497A902}.Release|Any CPU.ActiveCfg = Release|Any CPU
		{C0516509-E6CE-41D6-BC9E-C34BA497A902}.Release|Any CPU.Build.0 = Release|Any CPU
		{C0516509-E6CE-41D6-BC9E-C34BA497A902}.Release|x64.ActiveCfg = Release|Any CPU
		{C0516509-E6CE-41D6-BC9E-C34BA497A902}.Release|x64.Build.0 = Release|Any CPU
		{C0516509-E6CE-41D6-BC9E-C34BA497A902}.Release|x86.ActiveCfg = Release|Any CPU
		{C0516509-E6CE-41D6-BC9E-C34BA497A902}.Release|x86.Build.0 = Release|Any CPU
	EndGlobalSection
	GlobalSection(SolutionProperties) = preSolution
		HideSolutionNode = FALSE
	EndGlobalSection
	GlobalSection(NestedProjects) = preSolution
		{4A30C844-2621-45C5-B399-02A1BCEE1074} = {DFB55378-732D-4A71-AC52-144C6655B6B8}
		{A0903B7E-C27E-416A-B45A-EBEA13BF8236} = {DFB55378-732D-4A71-AC52-144C6655B6B8}
		{A5F23F4C-80BB-49B1-9F31-536F8A2DA990} = {DFB55378-732D-4A71-AC52-144C6655B6B8}
		{E63F641F-94F9-4DCB-8C8D-ABFA4662E89E} = {DFB55378-732D-4A71-AC52-144C6655B6B8}
		{C0516509-E6CE-41D6-BC9E-C34BA497A902} = {CA392228-80B8-4DC4-AC46-258769AEEB03}
	EndGlobalSection
	GlobalSection(ExtensibilityGlobals) = postSolution
		SolutionGuid = {B5B0E288-E7A4-42A9-A109-A7DA099934F7}
	EndGlobalSection
EndGlobal
