
Microsoft Visual Studio Solution File, Format Version 12.00
# Visual Studio Version 16
VisualStudioVersion = 16.0.30907.101
MinimumVisualStudioVersion = 10.0.40219.1
Project("{FAE04EC0-301F-11D3-BF4B-00C04F79EFBC}") = "TodoList", "TodoList\TodoList.csproj", "{8683F538-EFC2-4A38-87AD-D142C1F19115}"
EndProject
Global
	GlobalSection(SolutionConfigurationPlatforms) = preSolution
		Debug|Any CPU = Debug|Any CPU
		Release|Any CPU = Release|Any CPU
	EndGlobalSection
	GlobalSection(ProjectConfigurationPlatforms) = postSolution
		{8683F538-EFC2-4A38-87AD-D142C1F19115}.Debug|Any CPU.ActiveCfg = Debug|Any CPU
		{8683F538-EFC2-4A38-87AD-D142C1F19115}.Debug|Any CPU.Build.0 = Debug|Any CPU
		{8683F538-EFC2-4A38-87AD-D142C1F19115}.Release|Any CPU.ActiveCfg = Release|Any CPU
		{8683F538-EFC2-4A38-87AD-D142C1F19115}.Release|Any CPU.Build.0 = Release|Any CPU
	EndGlobalSection
	GlobalSection(SolutionProperties) = preSolution
		HideSolutionNode = FALSE
	EndGlobalSection
	GlobalSection(ExtensibilityGlobals) = postSolution
		SolutionGuid = {36FF0EF4-4FE3-4C1A-924A-2AAF8A923D60}
	EndGlobalSection
EndGlobal
